
Microsoft Visual Studio Solution File, Format Version 12.00
# Visual Studio Version 16
VisualStudioVersion = 16.0.30011.22
MinimumVisualStudioVersion = 10.0.40219.1
Project("{9A19103F-16F7-4668-BE54-9A1E7A4F7556}") = "ResourceCraft.Model", "ResourceCraft.Model\ResourceCraft.Model.csproj", "{C566E561-D911-4BEB-99A5-EFFD9E546A3C}"
EndProject
Project("{9A19103F-16F7-4668-BE54-9A1E7A4F7556}") = "ResourceCraft.Extensions", "ResourceCraft.Extensions\ResourceCraft.Extensions.csproj", "{17695532-2645-44EB-8C22-41534C3EA75F}"
EndProject
Project("{9A19103F-16F7-4668-BE54-9A1E7A4F7556}") = "ResourceCraft.Utilities", "ResourceCraft.Utilities\ResourceCraft.Utilities.csproj", "{DB11DD19-E526-4192-A37D-7B18E51CA083}"
EndProject
Project("{FAE04EC0-301F-11D3-BF4B-00C04F79EFBC}") = "ResourceCraft.Uwp", "ResourceCraft.Uwp\ResourceCraft.Uwp.csproj", "{5A2AFDA0-1FC1-436A-A9C4-31B7C6B39ADA}"
EndProject
Project("{9A19103F-16F7-4668-BE54-9A1E7A4F7556}") = "ResourceCraft.DataAccess", "ResourceCraft.DataAccess\ResourceCraft.DataAccess.csproj", "{A6CB47A0-9E68-48CD-B122-20260825143B}"
EndProject
Project("{9A19103F-16F7-4668-BE54-9A1E7A4F7556}") = "ResourceCraft.Minecraft", "ResourceCraft.Minecraft\ResourceCraft.Minecraft.csproj", "{E713B536-E455-4605-8F15-9EE7827F5294}"
EndProject
Project("{FAE04EC0-301F-11D3-BF4B-00C04F79EFBC}") = "ResourceCraft.BackEnd.MinecraftUtilities", "ResourceCraft.BackEnd.MinecraftUtilities\ResourceCraft.BackEnd.MinecraftUtilities.csproj", "{64671BFD-ADF8-4D22-9E0E-C873D8610AB8}"
EndProject
Global
	GlobalSection(SolutionConfigurationPlatforms) = preSolution
		Debug|Any CPU = Debug|Any CPU
		Debug|ARM = Debug|ARM
		Debug|ARM64 = Debug|ARM64
		Debug|x64 = Debug|x64
		Debug|x86 = Debug|x86
		Release|Any CPU = Release|Any CPU
		Release|ARM = Release|ARM
		Release|ARM64 = Release|ARM64
		Release|x64 = Release|x64
		Release|x86 = Release|x86
	EndGlobalSection
	GlobalSection(ProjectConfigurationPlatforms) = postSolution
		{C566E561-D911-4BEB-99A5-EFFD9E546A3C}.Debug|Any CPU.ActiveCfg = Debug|Any CPU
		{C566E561-D911-4BEB-99A5-EFFD9E546A3C}.Debug|Any CPU.Build.0 = Debug|Any CPU
		{C566E561-D911-4BEB-99A5-EFFD9E546A3C}.Debug|ARM.ActiveCfg = Debug|Any CPU
		{C566E561-D911-4BEB-99A5-EFFD9E546A3C}.Debug|ARM.Build.0 = Debug|Any CPU
		{C566E561-D911-4BEB-99A5-EFFD9E546A3C}.Debug|ARM64.ActiveCfg = Debug|Any CPU
		{C566E561-D911-4BEB-99A5-EFFD9E546A3C}.Debug|ARM64.Build.0 = Debug|Any CPU
		{C566E561-D911-4BEB-99A5-EFFD9E546A3C}.Debug|x64.ActiveCfg = Debug|Any CPU
		{C566E561-D911-4BEB-99A5-EFFD9E546A3C}.Debug|x64.Build.0 = Debug|Any CPU
		{C566E561-D911-4BEB-99A5-EFFD9E546A3C}.Debug|x86.ActiveCfg = Debug|Any CPU
		{C566E561-D911-4BEB-99A5-EFFD9E546A3C}.Debug|x86.Build.0 = Debug|Any CPU
		{C566E561-D911-4BEB-99A5-EFFD9E546A3C}.Release|Any CPU.ActiveCfg = Release|Any CPU
		{C566E561-D911-4BEB-99A5-EFFD9E546A3C}.Release|Any CPU.Build.0 = Release|Any CPU
		{C566E561-D911-4BEB-99A5-EFFD9E546A3C}.Release|ARM.ActiveCfg = Release|Any CPU
		{C566E561-D911-4BEB-99A5-EFFD9E546A3C}.Release|ARM.Build.0 = Release|Any CPU
		{C566E561-D911-4BEB-99A5-EFFD9E546A3C}.Release|ARM64.ActiveCfg = Release|Any CPU
		{C566E561-D911-4BEB-99A5-EFFD9E546A3C}.Release|ARM64.Build.0 = Release|Any CPU
		{C566E561-D911-4BEB-99A5-EFFD9E546A3C}.Release|x64.ActiveCfg = Release|Any CPU
		{C566E561-D911-4BEB-99A5-EFFD9E546A3C}.Release|x64.Build.0 = Release|Any CPU
		{C566E561-D911-4BEB-99A5-EFFD9E546A3C}.Release|x86.ActiveCfg = Release|Any CPU
		{C566E561-D911-4BEB-99A5-EFFD9E546A3C}.Release|x86.Build.0 = Release|Any CPU
		{17695532-2645-44EB-8C22-41534C3EA75F}.Debug|Any CPU.ActiveCfg = Debug|Any CPU
		{17695532-2645-44EB-8C22-41534C3EA75F}.Debug|Any CPU.Build.0 = Debug|Any CPU
		{17695532-2645-44EB-8C22-41534C3EA75F}.Debug|ARM.ActiveCfg = Debug|Any CPU
		{17695532-2645-44EB-8C22-41534C3EA75F}.Debug|ARM.Build.0 = Debug|Any CPU
		{17695532-2645-44EB-8C22-41534C3EA75F}.Debug|ARM64.ActiveCfg = Debug|Any CPU
		{17695532-2645-44EB-8C22-41534C3EA75F}.Debug|ARM64.Build.0 = Debug|Any CPU
		{17695532-2645-44EB-8C22-41534C3EA75F}.Debug|x64.ActiveCfg = Debug|Any CPU
		{17695532-2645-44EB-8C22-41534C3EA75F}.Debug|x64.Build.0 = Debug|Any CPU
		{17695532-2645-44EB-8C22-41534C3EA75F}.Debug|x86.ActiveCfg = Debug|Any CPU
		{17695532-2645-44EB-8C22-41534C3EA75F}.Debug|x86.Build.0 = Debug|Any CPU
		{17695532-2645-44EB-8C22-41534C3EA75F}.Release|Any CPU.ActiveCfg = Release|Any CPU
		{17695532-2645-44EB-8C22-41534C3EA75F}.Release|Any CPU.Build.0 = Release|Any CPU
		{17695532-2645-44EB-8C22-41534C3EA75F}.Release|ARM.ActiveCfg = Release|Any CPU
		{17695532-2645-44EB-8C22-41534C3EA75F}.Release|ARM.Build.0 = Release|Any CPU
		{17695532-2645-44EB-8C22-41534C3EA75F}.Release|ARM64.ActiveCfg = Release|Any CPU
		{17695532-2645-44EB-8C22-41534C3EA75F}.Release|ARM64.Build.0 = Release|Any CPU
		{17695532-2645-44EB-8C22-41534C3EA75F}.Release|x64.ActiveCfg = Release|Any CPU
		{17695532-2645-44EB-8C22-41534C3EA75F}.Release|x64.Build.0 = Release|Any CPU
		{17695532-2645-44EB-8C22-41534C3EA75F}.Release|x86.ActiveCfg = Release|Any CPU
		{17695532-2645-44EB-8C22-41534C3EA75F}.Release|x86.Build.0 = Release|Any CPU
		{DB11DD19-E526-4192-A37D-7B18E51CA083}.Debug|Any CPU.ActiveCfg = Debug|Any CPU
		{DB11DD19-E526-4192-A37D-7B18E51CA083}.Debug|Any CPU.Build.0 = Debug|Any CPU
		{DB11DD19-E526-4192-A37D-7B18E51CA083}.Debug|ARM.ActiveCfg = Debug|Any CPU
		{DB11DD19-E526-4192-A37D-7B18E51CA083}.Debug|ARM.Build.0 = Debug|Any CPU
		{DB11DD19-E526-4192-A37D-7B18E51CA083}.Debug|ARM64.ActiveCfg = Debug|Any CPU
		{DB11DD19-E526-4192-A37D-7B18E51CA083}.Debug|ARM64.Build.0 = Debug|Any CPU
		{DB11DD19-E526-4192-A37D-7B18E51CA083}.Debug|x64.ActiveCfg = Debug|Any CPU
		{DB11DD19-E526-4192-A37D-7B18E51CA083}.Debug|x64.Build.0 = Debug|Any CPU
		{DB11DD19-E526-4192-A37D-7B18E51CA083}.Debug|x86.ActiveCfg = Debug|Any CPU
		{DB11DD19-E526-4192-A37D-7B18E51CA083}.Debug|x86.Build.0 = Debug|Any CPU
		{DB11DD19-E526-4192-A37D-7B18E51CA083}.Release|Any CPU.ActiveCfg = Release|Any CPU
		{DB11DD19-E526-4192-A37D-7B18E51CA083}.Release|Any CPU.Build.0 = Release|Any CPU
		{DB11DD19-E526-4192-A37D-7B18E51CA083}.Release|ARM.ActiveCfg = Release|Any CPU
		{DB11DD19-E526-4192-A37D-7B18E51CA083}.Release|ARM.Build.0 = Release|Any CPU
		{DB11DD19-E526-4192-A37D-7B18E51CA083}.Release|ARM64.ActiveCfg = Release|Any CPU
		{DB11DD19-E526-4192-A37D-7B18E51CA083}.Release|ARM64.Build.0 = Release|Any CPU
		{DB11DD19-E526-4192-A37D-7B18E51CA083}.Release|x64.ActiveCfg = Release|Any CPU
		{DB11DD19-E526-4192-A37D-7B18E51CA083}.Release|x64.Build.0 = Release|Any CPU
		{DB11DD19-E526-4192-A37D-7B18E51CA083}.Release|x86.ActiveCfg = Release|Any CPU
		{DB11DD19-E526-4192-A37D-7B18E51CA083}.Release|x86.Build.0 = Release|Any CPU
		{5A2AFDA0-1FC1-436A-A9C4-31B7C6B39ADA}.Debug|Any CPU.ActiveCfg = Debug|x86
		{5A2AFDA0-1FC1-436A-A9C4-31B7C6B39ADA}.Debug|ARM.ActiveCfg = Debug|ARM
		{5A2AFDA0-1FC1-436A-A9C4-31B7C6B39ADA}.Debug|ARM.Build.0 = Debug|ARM
		{5A2AFDA0-1FC1-436A-A9C4-31B7C6B39ADA}.Debug|ARM.Deploy.0 = Debug|ARM
		{5A2AFDA0-1FC1-436A-A9C4-31B7C6B39ADA}.Debug|ARM64.ActiveCfg = Debug|ARM64
		{5A2AFDA0-1FC1-436A-A9C4-31B7C6B39ADA}.Debug|ARM64.Build.0 = Debug|ARM64
		{5A2AFDA0-1FC1-436A-A9C4-31B7C6B39ADA}.Debug|ARM64.Deploy.0 = Debug|ARM64
		{5A2AFDA0-1FC1-436A-A9C4-31B7C6B39ADA}.Debug|x64.ActiveCfg = Debug|x64
		{5A2AFDA0-1FC1-436A-A9C4-31B7C6B39ADA}.Debug|x64.Build.0 = Debug|x64
		{5A2AFDA0-1FC1-436A-A9C4-31B7C6B39ADA}.Debug|x64.Deploy.0 = Debug|x64
		{5A2AFDA0-1FC1-436A-A9C4-31B7C6B39ADA}.Debug|x86.ActiveCfg = Debug|x86
		{5A2AFDA0-1FC1-436A-A9C4-31B7C6B39ADA}.Debug|x86.Build.0 = Debug|x86
		{5A2AFDA0-1FC1-436A-A9C4-31B7C6B39ADA}.Debug|x86.Deploy.0 = Debug|x86
		{5A2AFDA0-1FC1-436A-A9C4-31B7C6B39ADA}.Release|Any CPU.ActiveCfg = Release|x86
		{5A2AFDA0-1FC1-436A-A9C4-31B7C6B39ADA}.Release|ARM.ActiveCfg = Release|ARM
		{5A2AFDA0-1FC1-436A-A9C4-31B7C6B39ADA}.Release|ARM.Build.0 = Release|ARM
		{5A2AFDA0-1FC1-436A-A9C4-31B7C6B39ADA}.Release|ARM.Deploy.0 = Release|ARM
		{5A2AFDA0-1FC1-436A-A9C4-31B7C6B39ADA}.Release|ARM64.ActiveCfg = Release|ARM64
		{5A2AFDA0-1FC1-436A-A9C4-31B7C6B39ADA}.Release|ARM64.Build.0 = Release|ARM64
		{5A2AFDA0-1FC1-436A-A9C4-31B7C6B39ADA}.Release|ARM64.Deploy.0 = Release|ARM64
		{5A2AFDA0-1FC1-436A-A9C4-31B7C6B39ADA}.Release|x64.ActiveCfg = Release|x64
		{5A2AFDA0-1FC1-436A-A9C4-31B7C6B39ADA}.Release|x64.Build.0 = Release|x64
		{5A2AFDA0-1FC1-436A-A9C4-31B7C6B39ADA}.Release|x64.Deploy.0 = Release|x64
		{5A2AFDA0-1FC1-436A-A9C4-31B7C6B39ADA}.Release|x86.ActiveCfg = Release|x86
		{5A2AFDA0-1FC1-436A-A9C4-31B7C6B39ADA}.Release|x86.Build.0 = Release|x86
		{5A2AFDA0-1FC1-436A-A9C4-31B7C6B39ADA}.Release|x86.Deploy.0 = Release|x86
		{A6CB47A0-9E68-48CD-B122-20260825143B}.Debug|Any CPU.ActiveCfg = Debug|Any CPU
		{A6CB47A0-9E68-48CD-B122-20260825143B}.Debug|Any CPU.Build.0 = Debug|Any CPU
		{A6CB47A0-9E68-48CD-B122-20260825143B}.Debug|ARM.ActiveCfg = Debug|Any CPU
		{A6CB47A0-9E68-48CD-B122-20260825143B}.Debug|ARM.Build.0 = Debug|Any CPU
		{A6CB47A0-9E68-48CD-B122-20260825143B}.Debug|ARM64.ActiveCfg = Debug|Any CPU
		{A6CB47A0-9E68-48CD-B122-20260825143B}.Debug|ARM64.Build.0 = Debug|Any CPU
		{A6CB47A0-9E68-48CD-B122-20260825143B}.Debug|x64.ActiveCfg = Debug|Any CPU
		{A6CB47A0-9E68-48CD-B122-20260825143B}.Debug|x64.Build.0 = Debug|Any CPU
		{A6CB47A0-9E68-48CD-B122-20260825143B}.Debug|x86.ActiveCfg = Debug|Any CPU
		{A6CB47A0-9E68-48CD-B122-20260825143B}.Debug|x86.Build.0 = Debug|Any CPU
		{A6CB47A0-9E68-48CD-B122-20260825143B}.Release|Any CPU.ActiveCfg = Release|Any CPU
		{A6CB47A0-9E68-48CD-B122-20260825143B}.Release|Any CPU.Build.0 = Release|Any CPU
		{A6CB47A0-9E68-48CD-B122-20260825143B}.Release|ARM.ActiveCfg = Release|Any CPU
		{A6CB47A0-9E68-48CD-B122-20260825143B}.Release|ARM.Build.0 = Release|Any CPU
		{A6CB47A0-9E68-48CD-B122-20260825143B}.Release|ARM64.ActiveCfg = Release|Any CPU
		{A6CB47A0-9E68-48CD-B122-20260825143B}.Release|ARM64.Build.0 = Release|Any CPU
		{A6CB47A0-9E68-48CD-B122-20260825143B}.Release|x64.ActiveCfg = Release|Any CPU
		{A6CB47A0-9E68-48CD-B122-20260825143B}.Release|x64.Build.0 = Release|Any CPU
		{A6CB47A0-9E68-48CD-B122-20260825143B}.Release|x86.ActiveCfg = Release|Any CPU
		{A6CB47A0-9E68-48CD-B122-20260825143B}.Release|x86.Build.0 = Release|Any CPU
		{E713B536-E455-4605-8F15-9EE7827F5294}.Debug|Any CPU.ActiveCfg = Debug|Any CPU
		{E713B536-E455-4605-8F15-9EE7827F5294}.Debug|Any CPU.Build.0 = Debug|Any CPU
		{E713B536-E455-4605-8F15-9EE7827F5294}.Debug|ARM.ActiveCfg = Debug|Any CPU
		{E713B536-E455-4605-8F15-9EE7827F5294}.Debug|ARM.Build.0 = Debug|Any CPU
		{E713B536-E455-4605-8F15-9EE7827F5294}.Debug|ARM64.ActiveCfg = Debug|Any CPU
		{E713B536-E455-4605-8F15-9EE7827F5294}.Debug|ARM64.Build.0 = Debug|Any CPU
		{E713B536-E455-4605-8F15-9EE7827F5294}.Debug|x64.ActiveCfg = Debug|Any CPU
		{E713B536-E455-4605-8F15-9EE7827F5294}.Debug|x64.Build.0 = Debug|Any CPU
		{E713B536-E455-4605-8F15-9EE7827F5294}.Debug|x86.ActiveCfg = Debug|Any CPU
		{E713B536-E455-4605-8F15-9EE7827F5294}.Debug|x86.Build.0 = Debug|Any CPU
		{E713B536-E455-4605-8F15-9EE7827F5294}.Release|Any CPU.ActiveCfg = Release|Any CPU
		{E713B536-E455-4605-8F15-9EE7827F5294}.Release|Any CPU.Build.0 = Release|Any CPU
		{E713B536-E455-4605-8F15-9EE7827F5294}.Release|ARM.ActiveCfg = Release|Any CPU
		{E713B536-E455-4605-8F15-9EE7827F5294}.Release|ARM.Build.0 = Release|Any CPU
		{E713B536-E455-4605-8F15-9EE7827F5294}.Release|ARM64.ActiveCfg = Release|Any CPU
		{E713B536-E455-4605-8F15-9EE7827F5294}.Release|ARM64.Build.0 = Release|Any CPU
		{E713B536-E455-4605-8F15-9EE7827F5294}.Release|x64.ActiveCfg = Release|Any CPU
		{E713B536-E455-4605-8F15-9EE7827F5294}.Release|x64.Build.0 = Release|Any CPU
		{E713B536-E455-4605-8F15-9EE7827F5294}.Release|x86.ActiveCfg = Release|Any CPU
		{E713B536-E455-4605-8F15-9EE7827F5294}.Release|x86.Build.0 = Release|Any CPU
		{64671BFD-ADF8-4D22-9E0E-C873D8610AB8}.Debug|Any CPU.ActiveCfg = Debug|Any CPU
		{64671BFD-ADF8-4D22-9E0E-C873D8610AB8}.Debug|Any CPU.Build.0 = Debug|Any CPU
		{64671BFD-ADF8-4D22-9E0E-C873D8610AB8}.Debug|ARM.ActiveCfg = Debug|ARM
		{64671BFD-ADF8-4D22-9E0E-C873D8610AB8}.Debug|ARM.Build.0 = Debug|ARM
		{64671BFD-ADF8-4D22-9E0E-C873D8610AB8}.Debug|ARM64.ActiveCfg = Debug|ARM64
		{64671BFD-ADF8-4D22-9E0E-C873D8610AB8}.Debug|ARM64.Build.0 = Debug|ARM64
		{64671BFD-ADF8-4D22-9E0E-C873D8610AB8}.Debug|x64.ActiveCfg = Debug|x64
		{64671BFD-ADF8-4D22-9E0E-C873D8610AB8}.Debug|x64.Build.0 = Debug|x64
		{64671BFD-ADF8-4D22-9E0E-C873D8610AB8}.Debug|x86.ActiveCfg = Debug|x86
		{64671BFD-ADF8-4D22-9E0E-C873D8610AB8}.Debug|x86.Build.0 = Debug|x86
		{64671BFD-ADF8-4D22-9E0E-C873D8610AB8}.Release|Any CPU.ActiveCfg = Release|Any CPU
		{64671BFD-ADF8-4D22-9E0E-C873D8610AB8}.Release|Any CPU.Build.0 = Release|Any CPU
		{64671BFD-ADF8-4D22-9E0E-C873D8610AB8}.Release|ARM.ActiveCfg = Release|ARM
		{64671BFD-ADF8-4D22-9E0E-C873D8610AB8}.Release|ARM.Build.0 = Release|ARM
		{64671BFD-ADF8-4D22-9E0E-C873D8610AB8}.Release|ARM64.ActiveCfg = Release|ARM64
		{64671BFD-ADF8-4D22-9E0E-C873D8610AB8}.Release|ARM64.Build.0 = Release|ARM64
		{64671BFD-ADF8-4D22-9E0E-C873D8610AB8}.Release|x64.ActiveCfg = Release|x64
		{64671BFD-ADF8-4D22-9E0E-C873D8610AB8}.Release|x64.Build.0 = Release|x64
		{64671BFD-ADF8-4D22-9E0E-C873D8610AB8}.Release|x86.ActiveCfg = Release|x86
		{64671BFD-ADF8-4D22-9E0E-C873D8610AB8}.Release|x86.Build.0 = Release|x86
	EndGlobalSection
	GlobalSection(SolutionProperties) = preSolution
		HideSolutionNode = FALSE
	EndGlobalSection
	GlobalSection(ExtensibilityGlobals) = postSolution
		SolutionGuid = {4E63F2AB-DE4E-42D0-A884-8DBCACB9D962}
	EndGlobalSection
EndGlobal
