
Microsoft Visual Studio Solution File, Format Version 12.00
# Visual Studio 15
VisualStudioVersion = 15.0.28307.271
MinimumVisualStudioVersion = 10.0.40219.1
Project("{9A19103F-16F7-4668-BE54-9A1E7A4F7556}") = "Firebase.Auth", "..\..\firebase-authentication-dotnet\src\Firebase.Auth\Firebase.Auth.csproj", "{36C884D4-3AD9-4D3E-94FD-2FBF5C80000B}"
EndProject
Project("{9A19103F-16F7-4668-BE54-9A1E7A4F7556}") = "Firebase", "..\..\firebase-database-dotnet\src\Firebase\Firebase.csproj", "{633456E7-478F-46F4-B9DA-DBBDAE6977F2}"
EndProject
Project("{9A19103F-16F7-4668-BE54-9A1E7A4F7556}") = "Firebase.Storage", "..\..\firebase-storage-dotnet\src\Firebase.Storage\Firebase.Storage.csproj", "{264AB14F-3CE3-420F-B30C-3F712FDBF25F}"
EndProject
Project("{9A19103F-16F7-4668-BE54-9A1E7A4F7556}") = "ResourceCraft.Minecraft", "ResourceCraft.Minecraft\ResourceCraft.Minecraft.csproj", "{F87311BE-8C1C-4D27-AA92-F50023DEFC1B}"
EndProject
Project("{9A19103F-16F7-4668-BE54-9A1E7A4F7556}") = "ResourceCraft.Model", "ResourceCraft.Model\ResourceCraft.Model.csproj", "{DF9DF5CA-C5C5-4D3E-A159-8BAB3DA8D8EF}"
EndProject
Project("{9A19103F-16F7-4668-BE54-9A1E7A4F7556}") = "ResourceCraft.Extensions", "ResourceCraft.Extensions\ResourceCraft.Extensions.csproj", "{B553DE46-20C8-4241-95CE-8F48BC595952}"
EndProject
Project("{9A19103F-16F7-4668-BE54-9A1E7A4F7556}") = "ResourceCraft.Utilities", "ResourceCraft.Utilities\ResourceCraft.Utilities.csproj", "{F50B6E2C-D4BF-4FBE-9855-CAB897FF01DF}"
EndProject
Project("{9A19103F-16F7-4668-BE54-9A1E7A4F7556}") = "ResourceCraft.DataAccess", "ResourceCraft.DataAccess\ResourceCraft.DataAccess.csproj", "{FF51DA68-6524-4878-BAA7-E6F02488933A}"
EndProject
Project("{FAE04EC0-301F-11D3-BF4B-00C04F79EFBC}") = "ResourceCraft.BackEnd.Uwp", "ResourceCraft.BackEnd.Uwp\ResourceCraft.BackEnd.Uwp.csproj", "{303650C8-B9DD-479E-9F88-1BF6CA3F8B9B}"
EndProject
Project("{FAE04EC0-301F-11D3-BF4B-00C04F79EFBC}") = "ResourceCraft.BackEnd.MinecraftUtilities", "ResourceCraft.BackEnd.MinecraftUtilities\ResourceCraft.BackEnd.MinecraftUtilities.csproj", "{64671BFD-ADF8-4D22-9E0E-C873D8610AB8}"
EndProject
Global
	GlobalSection(SolutionConfigurationPlatforms) = preSolution
		Debug|Any CPU = Debug|Any CPU
		Debug|ARM = Debug|ARM
		Debug|ARM64 = Debug|ARM64
		Debug|x64 = Debug|x64
		Debug|x86 = Debug|x86
		Release|Any CPU = Release|Any CPU
		Release|ARM = Release|ARM
		Release|ARM64 = Release|ARM64
		Release|x64 = Release|x64
		Release|x86 = Release|x86
	EndGlobalSection
	GlobalSection(ProjectConfigurationPlatforms) = postSolution
		{36C884D4-3AD9-4D3E-94FD-2FBF5C80000B}.Debug|Any CPU.ActiveCfg = Debug|Any CPU
		{36C884D4-3AD9-4D3E-94FD-2FBF5C80000B}.Debug|Any CPU.Build.0 = Debug|Any CPU
		{36C884D4-3AD9-4D3E-94FD-2FBF5C80000B}.Debug|ARM.ActiveCfg = Debug|Any CPU
		{36C884D4-3AD9-4D3E-94FD-2FBF5C80000B}.Debug|ARM.Build.0 = Debug|Any CPU
		{36C884D4-3AD9-4D3E-94FD-2FBF5C80000B}.Debug|ARM64.ActiveCfg = Debug|Any CPU
		{36C884D4-3AD9-4D3E-94FD-2FBF5C80000B}.Debug|ARM64.Build.0 = Debug|Any CPU
		{36C884D4-3AD9-4D3E-94FD-2FBF5C80000B}.Debug|x64.ActiveCfg = Debug|Any CPU
		{36C884D4-3AD9-4D3E-94FD-2FBF5C80000B}.Debug|x64.Build.0 = Debug|Any CPU
		{36C884D4-3AD9-4D3E-94FD-2FBF5C80000B}.Debug|x86.ActiveCfg = Debug|Any CPU
		{36C884D4-3AD9-4D3E-94FD-2FBF5C80000B}.Debug|x86.Build.0 = Debug|Any CPU
		{36C884D4-3AD9-4D3E-94FD-2FBF5C80000B}.Release|Any CPU.ActiveCfg = Release|Any CPU
		{36C884D4-3AD9-4D3E-94FD-2FBF5C80000B}.Release|Any CPU.Build.0 = Release|Any CPU
		{36C884D4-3AD9-4D3E-94FD-2FBF5C80000B}.Release|ARM.ActiveCfg = Release|Any CPU
		{36C884D4-3AD9-4D3E-94FD-2FBF5C80000B}.Release|ARM.Build.0 = Release|Any CPU
		{36C884D4-3AD9-4D3E-94FD-2FBF5C80000B}.Release|ARM64.ActiveCfg = Release|Any CPU
		{36C884D4-3AD9-4D3E-94FD-2FBF5C80000B}.Release|ARM64.Build.0 = Release|Any CPU
		{36C884D4-3AD9-4D3E-94FD-2FBF5C80000B}.Release|x64.ActiveCfg = Release|Any CPU
		{36C884D4-3AD9-4D3E-94FD-2FBF5C80000B}.Release|x64.Build.0 = Release|Any CPU
		{36C884D4-3AD9-4D3E-94FD-2FBF5C80000B}.Release|x86.ActiveCfg = Release|Any CPU
		{36C884D4-3AD9-4D3E-94FD-2FBF5C80000B}.Release|x86.Build.0 = Release|Any CPU
		{633456E7-478F-46F4-B9DA-DBBDAE6977F2}.Debug|Any CPU.ActiveCfg = Debug|Any CPU
		{633456E7-478F-46F4-B9DA-DBBDAE6977F2}.Debug|Any CPU.Build.0 = Debug|Any CPU
		{633456E7-478F-46F4-B9DA-DBBDAE6977F2}.Debug|ARM.ActiveCfg = Debug|Any CPU
		{633456E7-478F-46F4-B9DA-DBBDAE6977F2}.Debug|ARM.Build.0 = Debug|Any CPU
		{633456E7-478F-46F4-B9DA-DBBDAE6977F2}.Debug|ARM64.ActiveCfg = Debug|Any CPU
		{633456E7-478F-46F4-B9DA-DBBDAE6977F2}.Debug|ARM64.Build.0 = Debug|Any CPU
		{633456E7-478F-46F4-B9DA-DBBDAE6977F2}.Debug|x64.ActiveCfg = Debug|Any CPU
		{633456E7-478F-46F4-B9DA-DBBDAE6977F2}.Debug|x64.Build.0 = Debug|Any CPU
		{633456E7-478F-46F4-B9DA-DBBDAE6977F2}.Debug|x86.ActiveCfg = Debug|Any CPU
		{633456E7-478F-46F4-B9DA-DBBDAE6977F2}.Debug|x86.Build.0 = Debug|Any CPU
		{633456E7-478F-46F4-B9DA-DBBDAE6977F2}.Release|Any CPU.ActiveCfg = Release|Any CPU
		{633456E7-478F-46F4-B9DA-DBBDAE6977F2}.Release|Any CPU.Build.0 = Release|Any CPU
		{633456E7-478F-46F4-B9DA-DBBDAE6977F2}.Release|ARM.ActiveCfg = Release|Any CPU
		{633456E7-478F-46F4-B9DA-DBBDAE6977F2}.Release|ARM.Build.0 = Release|Any CPU
		{633456E7-478F-46F4-B9DA-DBBDAE6977F2}.Release|ARM64.ActiveCfg = Release|Any CPU
		{633456E7-478F-46F4-B9DA-DBBDAE6977F2}.Release|ARM64.Build.0 = Release|Any CPU
		{633456E7-478F-46F4-B9DA-DBBDAE6977F2}.Release|x64.ActiveCfg = Release|Any CPU
		{633456E7-478F-46F4-B9DA-DBBDAE6977F2}.Release|x64.Build.0 = Release|Any CPU
		{633456E7-478F-46F4-B9DA-DBBDAE6977F2}.Release|x86.ActiveCfg = Release|Any CPU
		{633456E7-478F-46F4-B9DA-DBBDAE6977F2}.Release|x86.Build.0 = Release|Any CPU
		{264AB14F-3CE3-420F-B30C-3F712FDBF25F}.Debug|Any CPU.ActiveCfg = Debug|Any CPU
		{264AB14F-3CE3-420F-B30C-3F712FDBF25F}.Debug|Any CPU.Build.0 = Debug|Any CPU
		{264AB14F-3CE3-420F-B30C-3F712FDBF25F}.Debug|ARM.ActiveCfg = Debug|Any CPU
		{264AB14F-3CE3-420F-B30C-3F712FDBF25F}.Debug|ARM.Build.0 = Debug|Any CPU
		{264AB14F-3CE3-420F-B30C-3F712FDBF25F}.Debug|ARM64.ActiveCfg = Debug|Any CPU
		{264AB14F-3CE3-420F-B30C-3F712FDBF25F}.Debug|ARM64.Build.0 = Debug|Any CPU
		{264AB14F-3CE3-420F-B30C-3F712FDBF25F}.Debug|x64.ActiveCfg = Debug|Any CPU
		{264AB14F-3CE3-420F-B30C-3F712FDBF25F}.Debug|x64.Build.0 = Debug|Any CPU
		{264AB14F-3CE3-420F-B30C-3F712FDBF25F}.Debug|x86.ActiveCfg = Debug|Any CPU
		{264AB14F-3CE3-420F-B30C-3F712FDBF25F}.Debug|x86.Build.0 = Debug|Any CPU
		{264AB14F-3CE3-420F-B30C-3F712FDBF25F}.Release|Any CPU.ActiveCfg = Release|Any CPU
		{264AB14F-3CE3-420F-B30C-3F712FDBF25F}.Release|Any CPU.Build.0 = Release|Any CPU
		{264AB14F-3CE3-420F-B30C-3F712FDBF25F}.Release|ARM.ActiveCfg = Release|Any CPU
		{264AB14F-3CE3-420F-B30C-3F712FDBF25F}.Release|ARM.Build.0 = Release|Any CPU
		{264AB14F-3CE3-420F-B30C-3F712FDBF25F}.Release|ARM64.ActiveCfg = Release|Any CPU
		{264AB14F-3CE3-420F-B30C-3F712FDBF25F}.Release|ARM64.Build.0 = Release|Any CPU
		{264AB14F-3CE3-420F-B30C-3F712FDBF25F}.Release|x64.ActiveCfg = Release|Any CPU
		{264AB14F-3CE3-420F-B30C-3F712FDBF25F}.Release|x64.Build.0 = Release|Any CPU
		{264AB14F-3CE3-420F-B30C-3F712FDBF25F}.Release|x86.ActiveCfg = Release|Any CPU
		{264AB14F-3CE3-420F-B30C-3F712FDBF25F}.Release|x86.Build.0 = Release|Any CPU
		{F87311BE-8C1C-4D27-AA92-F50023DEFC1B}.Debug|Any CPU.ActiveCfg = Debug|Any CPU
		{F87311BE-8C1C-4D27-AA92-F50023DEFC1B}.Debug|Any CPU.Build.0 = Debug|Any CPU
		{F87311BE-8C1C-4D27-AA92-F50023DEFC1B}.Debug|ARM.ActiveCfg = Debug|Any CPU
		{F87311BE-8C1C-4D27-AA92-F50023DEFC1B}.Debug|ARM.Build.0 = Debug|Any CPU
		{F87311BE-8C1C-4D27-AA92-F50023DEFC1B}.Debug|ARM64.ActiveCfg = Debug|Any CPU
		{F87311BE-8C1C-4D27-AA92-F50023DEFC1B}.Debug|ARM64.Build.0 = Debug|Any CPU
		{F87311BE-8C1C-4D27-AA92-F50023DEFC1B}.Debug|x64.ActiveCfg = Debug|Any CPU
		{F87311BE-8C1C-4D27-AA92-F50023DEFC1B}.Debug|x64.Build.0 = Debug|Any CPU
		{F87311BE-8C1C-4D27-AA92-F50023DEFC1B}.Debug|x86.ActiveCfg = Debug|Any CPU
		{F87311BE-8C1C-4D27-AA92-F50023DEFC1B}.Debug|x86.Build.0 = Debug|Any CPU
		{F87311BE-8C1C-4D27-AA92-F50023DEFC1B}.Release|Any CPU.ActiveCfg = Release|Any CPU
		{F87311BE-8C1C-4D27-AA92-F50023DEFC1B}.Release|Any CPU.Build.0 = Release|Any CPU
		{F87311BE-8C1C-4D27-AA92-F50023DEFC1B}.Release|ARM.ActiveCfg = Release|Any CPU
		{F87311BE-8C1C-4D27-AA92-F50023DEFC1B}.Release|ARM.Build.0 = Release|Any CPU
		{F87311BE-8C1C-4D27-AA92-F50023DEFC1B}.Release|ARM64.ActiveCfg = Release|Any CPU
		{F87311BE-8C1C-4D27-AA92-F50023DEFC1B}.Release|ARM64.Build.0 = Release|Any CPU
		{F87311BE-8C1C-4D27-AA92-F50023DEFC1B}.Release|x64.ActiveCfg = Release|Any CPU
		{F87311BE-8C1C-4D27-AA92-F50023DEFC1B}.Release|x64.Build.0 = Release|Any CPU
		{F87311BE-8C1C-4D27-AA92-F50023DEFC1B}.Release|x86.ActiveCfg = Release|Any CPU
		{F87311BE-8C1C-4D27-AA92-F50023DEFC1B}.Release|x86.Build.0 = Release|Any CPU
		{DF9DF5CA-C5C5-4D3E-A159-8BAB3DA8D8EF}.Debug|Any CPU.ActiveCfg = Debug|Any CPU
		{DF9DF5CA-C5C5-4D3E-A159-8BAB3DA8D8EF}.Debug|Any CPU.Build.0 = Debug|Any CPU
		{DF9DF5CA-C5C5-4D3E-A159-8BAB3DA8D8EF}.Debug|ARM.ActiveCfg = Debug|Any CPU
		{DF9DF5CA-C5C5-4D3E-A159-8BAB3DA8D8EF}.Debug|ARM.Build.0 = Debug|Any CPU
		{DF9DF5CA-C5C5-4D3E-A159-8BAB3DA8D8EF}.Debug|ARM64.ActiveCfg = Debug|Any CPU
		{DF9DF5CA-C5C5-4D3E-A159-8BAB3DA8D8EF}.Debug|ARM64.Build.0 = Debug|Any CPU
		{DF9DF5CA-C5C5-4D3E-A159-8BAB3DA8D8EF}.Debug|x64.ActiveCfg = Debug|Any CPU
		{DF9DF5CA-C5C5-4D3E-A159-8BAB3DA8D8EF}.Debug|x64.Build.0 = Debug|Any CPU
		{DF9DF5CA-C5C5-4D3E-A159-8BAB3DA8D8EF}.Debug|x86.ActiveCfg = Debug|Any CPU
		{DF9DF5CA-C5C5-4D3E-A159-8BAB3DA8D8EF}.Debug|x86.Build.0 = Debug|Any CPU
		{DF9DF5CA-C5C5-4D3E-A159-8BAB3DA8D8EF}.Release|Any CPU.ActiveCfg = Release|Any CPU
		{DF9DF5CA-C5C5-4D3E-A159-8BAB3DA8D8EF}.Release|Any CPU.Build.0 = Release|Any CPU
		{DF9DF5CA-C5C5-4D3E-A159-8BAB3DA8D8EF}.Release|ARM.ActiveCfg = Release|Any CPU
		{DF9DF5CA-C5C5-4D3E-A159-8BAB3DA8D8EF}.Release|ARM.Build.0 = Release|Any CPU
		{DF9DF5CA-C5C5-4D3E-A159-8BAB3DA8D8EF}.Release|ARM64.ActiveCfg = Release|Any CPU
		{DF9DF5CA-C5C5-4D3E-A159-8BAB3DA8D8EF}.Release|ARM64.Build.0 = Release|Any CPU
		{DF9DF5CA-C5C5-4D3E-A159-8BAB3DA8D8EF}.Release|x64.ActiveCfg = Release|Any CPU
		{DF9DF5CA-C5C5-4D3E-A159-8BAB3DA8D8EF}.Release|x64.Build.0 = Release|Any CPU
		{DF9DF5CA-C5C5-4D3E-A159-8BAB3DA8D8EF}.Release|x86.ActiveCfg = Release|Any CPU
		{DF9DF5CA-C5C5-4D3E-A159-8BAB3DA8D8EF}.Release|x86.Build.0 = Release|Any CPU
		{B553DE46-20C8-4241-95CE-8F48BC595952}.Debug|Any CPU.ActiveCfg = Debug|Any CPU
		{B553DE46-20C8-4241-95CE-8F48BC595952}.Debug|Any CPU.Build.0 = Debug|Any CPU
		{B553DE46-20C8-4241-95CE-8F48BC595952}.Debug|ARM.ActiveCfg = Debug|Any CPU
		{B553DE46-20C8-4241-95CE-8F48BC595952}.Debug|ARM.Build.0 = Debug|Any CPU
		{B553DE46-20C8-4241-95CE-8F48BC595952}.Debug|ARM64.ActiveCfg = Debug|Any CPU
		{B553DE46-20C8-4241-95CE-8F48BC595952}.Debug|ARM64.Build.0 = Debug|Any CPU
		{B553DE46-20C8-4241-95CE-8F48BC595952}.Debug|x64.ActiveCfg = Debug|Any CPU
		{B553DE46-20C8-4241-95CE-8F48BC595952}.Debug|x64.Build.0 = Debug|Any CPU
		{B553DE46-20C8-4241-95CE-8F48BC595952}.Debug|x86.ActiveCfg = Debug|Any CPU
		{B553DE46-20C8-4241-95CE-8F48BC595952}.Debug|x86.Build.0 = Debug|Any CPU
		{B553DE46-20C8-4241-95CE-8F48BC595952}.Release|Any CPU.ActiveCfg = Release|Any CPU
		{B553DE46-20C8-4241-95CE-8F48BC595952}.Release|Any CPU.Build.0 = Release|Any CPU
		{B553DE46-20C8-4241-95CE-8F48BC595952}.Release|ARM.ActiveCfg = Release|Any CPU
		{B553DE46-20C8-4241-95CE-8F48BC595952}.Release|ARM.Build.0 = Release|Any CPU
		{B553DE46-20C8-4241-95CE-8F48BC595952}.Release|ARM64.ActiveCfg = Release|Any CPU
		{B553DE46-20C8-4241-95CE-8F48BC595952}.Release|ARM64.Build.0 = Release|Any CPU
		{B553DE46-20C8-4241-95CE-8F48BC595952}.Release|x64.ActiveCfg = Release|Any CPU
		{B553DE46-20C8-4241-95CE-8F48BC595952}.Release|x64.Build.0 = Release|Any CPU
		{B553DE46-20C8-4241-95CE-8F48BC595952}.Release|x86.ActiveCfg = Release|Any CPU
		{B553DE46-20C8-4241-95CE-8F48BC595952}.Release|x86.Build.0 = Release|Any CPU
		{F50B6E2C-D4BF-4FBE-9855-CAB897FF01DF}.Debug|Any CPU.ActiveCfg = Debug|Any CPU
		{F50B6E2C-D4BF-4FBE-9855-CAB897FF01DF}.Debug|Any CPU.Build.0 = Debug|Any CPU
		{F50B6E2C-D4BF-4FBE-9855-CAB897FF01DF}.Debug|ARM.ActiveCfg = Debug|Any CPU
		{F50B6E2C-D4BF-4FBE-9855-CAB897FF01DF}.Debug|ARM.Build.0 = Debug|Any CPU
		{F50B6E2C-D4BF-4FBE-9855-CAB897FF01DF}.Debug|ARM64.ActiveCfg = Debug|Any CPU
		{F50B6E2C-D4BF-4FBE-9855-CAB897FF01DF}.Debug|ARM64.Build.0 = Debug|Any CPU
		{F50B6E2C-D4BF-4FBE-9855-CAB897FF01DF}.Debug|x64.ActiveCfg = Debug|Any CPU
		{F50B6E2C-D4BF-4FBE-9855-CAB897FF01DF}.Debug|x64.Build.0 = Debug|Any CPU
		{F50B6E2C-D4BF-4FBE-9855-CAB897FF01DF}.Debug|x86.ActiveCfg = Debug|Any CPU
		{F50B6E2C-D4BF-4FBE-9855-CAB897FF01DF}.Debug|x86.Build.0 = Debug|Any CPU
		{F50B6E2C-D4BF-4FBE-9855-CAB897FF01DF}.Release|Any CPU.ActiveCfg = Release|Any CPU
		{F50B6E2C-D4BF-4FBE-9855-CAB897FF01DF}.Release|Any CPU.Build.0 = Release|Any CPU
		{F50B6E2C-D4BF-4FBE-9855-CAB897FF01DF}.Release|ARM.ActiveCfg = Release|Any CPU
		{F50B6E2C-D4BF-4FBE-9855-CAB897FF01DF}.Release|ARM.Build.0 = Release|Any CPU
		{F50B6E2C-D4BF-4FBE-9855-CAB897FF01DF}.Release|ARM64.ActiveCfg = Release|Any CPU
		{F50B6E2C-D4BF-4FBE-9855-CAB897FF01DF}.Release|ARM64.Build.0 = Release|Any CPU
		{F50B6E2C-D4BF-4FBE-9855-CAB897FF01DF}.Release|x64.ActiveCfg = Release|Any CPU
		{F50B6E2C-D4BF-4FBE-9855-CAB897FF01DF}.Release|x64.Build.0 = Release|Any CPU
		{F50B6E2C-D4BF-4FBE-9855-CAB897FF01DF}.Release|x86.ActiveCfg = Release|Any CPU
		{F50B6E2C-D4BF-4FBE-9855-CAB897FF01DF}.Release|x86.Build.0 = Release|Any CPU
		{FF51DA68-6524-4878-BAA7-E6F02488933A}.Debug|Any CPU.ActiveCfg = Debug|Any CPU
		{FF51DA68-6524-4878-BAA7-E6F02488933A}.Debug|Any CPU.Build.0 = Debug|Any CPU
		{FF51DA68-6524-4878-BAA7-E6F02488933A}.Debug|ARM.ActiveCfg = Debug|Any CPU
		{FF51DA68-6524-4878-BAA7-E6F02488933A}.Debug|ARM.Build.0 = Debug|Any CPU
		{FF51DA68-6524-4878-BAA7-E6F02488933A}.Debug|ARM64.ActiveCfg = Debug|Any CPU
		{FF51DA68-6524-4878-BAA7-E6F02488933A}.Debug|ARM64.Build.0 = Debug|Any CPU
		{FF51DA68-6524-4878-BAA7-E6F02488933A}.Debug|x64.ActiveCfg = Debug|Any CPU
		{FF51DA68-6524-4878-BAA7-E6F02488933A}.Debug|x64.Build.0 = Debug|Any CPU
		{FF51DA68-6524-4878-BAA7-E6F02488933A}.Debug|x86.ActiveCfg = Debug|Any CPU
		{FF51DA68-6524-4878-BAA7-E6F02488933A}.Debug|x86.Build.0 = Debug|Any CPU
		{FF51DA68-6524-4878-BAA7-E6F02488933A}.Release|Any CPU.ActiveCfg = Release|Any CPU
		{FF51DA68-6524-4878-BAA7-E6F02488933A}.Release|Any CPU.Build.0 = Release|Any CPU
		{FF51DA68-6524-4878-BAA7-E6F02488933A}.Release|ARM.ActiveCfg = Release|Any CPU
		{FF51DA68-6524-4878-BAA7-E6F02488933A}.Release|ARM.Build.0 = Release|Any CPU
		{FF51DA68-6524-4878-BAA7-E6F02488933A}.Release|ARM64.ActiveCfg = Release|Any CPU
		{FF51DA68-6524-4878-BAA7-E6F02488933A}.Release|ARM64.Build.0 = Release|Any CPU
		{FF51DA68-6524-4878-BAA7-E6F02488933A}.Release|x64.ActiveCfg = Release|Any CPU
		{FF51DA68-6524-4878-BAA7-E6F02488933A}.Release|x64.Build.0 = Release|Any CPU
		{FF51DA68-6524-4878-BAA7-E6F02488933A}.Release|x86.ActiveCfg = Release|Any CPU
		{FF51DA68-6524-4878-BAA7-E6F02488933A}.Release|x86.Build.0 = Release|Any CPU
		{303650C8-B9DD-479E-9F88-1BF6CA3F8B9B}.Debug|Any CPU.ActiveCfg = Debug|x86
		{303650C8-B9DD-479E-9F88-1BF6CA3F8B9B}.Debug|Any CPU.Build.0 = Debug|x86
		{303650C8-B9DD-479E-9F88-1BF6CA3F8B9B}.Debug|Any CPU.Deploy.0 = Debug|x86
		{303650C8-B9DD-479E-9F88-1BF6CA3F8B9B}.Debug|ARM.ActiveCfg = Debug|ARM
		{303650C8-B9DD-479E-9F88-1BF6CA3F8B9B}.Debug|ARM.Build.0 = Debug|ARM
		{303650C8-B9DD-479E-9F88-1BF6CA3F8B9B}.Debug|ARM.Deploy.0 = Debug|ARM
		{303650C8-B9DD-479E-9F88-1BF6CA3F8B9B}.Debug|ARM64.ActiveCfg = Debug|ARM64
		{303650C8-B9DD-479E-9F88-1BF6CA3F8B9B}.Debug|ARM64.Build.0 = Debug|ARM64
		{303650C8-B9DD-479E-9F88-1BF6CA3F8B9B}.Debug|ARM64.Deploy.0 = Debug|ARM64
		{303650C8-B9DD-479E-9F88-1BF6CA3F8B9B}.Debug|x64.ActiveCfg = Debug|x64
		{303650C8-B9DD-479E-9F88-1BF6CA3F8B9B}.Debug|x64.Build.0 = Debug|x64
		{303650C8-B9DD-479E-9F88-1BF6CA3F8B9B}.Debug|x64.Deploy.0 = Debug|x64
		{303650C8-B9DD-479E-9F88-1BF6CA3F8B9B}.Debug|x86.ActiveCfg = Debug|x86
		{303650C8-B9DD-479E-9F88-1BF6CA3F8B9B}.Debug|x86.Build.0 = Debug|x86
		{303650C8-B9DD-479E-9F88-1BF6CA3F8B9B}.Debug|x86.Deploy.0 = Debug|x86
		{303650C8-B9DD-479E-9F88-1BF6CA3F8B9B}.Release|Any CPU.ActiveCfg = Release|x86
		{303650C8-B9DD-479E-9F88-1BF6CA3F8B9B}.Release|ARM.ActiveCfg = Release|ARM
		{303650C8-B9DD-479E-9F88-1BF6CA3F8B9B}.Release|ARM.Build.0 = Release|ARM
		{303650C8-B9DD-479E-9F88-1BF6CA3F8B9B}.Release|ARM.Deploy.0 = Release|ARM
		{303650C8-B9DD-479E-9F88-1BF6CA3F8B9B}.Release|ARM64.ActiveCfg = Release|ARM64
		{303650C8-B9DD-479E-9F88-1BF6CA3F8B9B}.Release|ARM64.Build.0 = Release|ARM64
		{303650C8-B9DD-479E-9F88-1BF6CA3F8B9B}.Release|ARM64.Deploy.0 = Release|ARM64
		{303650C8-B9DD-479E-9F88-1BF6CA3F8B9B}.Release|x64.ActiveCfg = Release|x64
		{303650C8-B9DD-479E-9F88-1BF6CA3F8B9B}.Release|x64.Build.0 = Release|x64
		{303650C8-B9DD-479E-9F88-1BF6CA3F8B9B}.Release|x64.Deploy.0 = Release|x64
		{303650C8-B9DD-479E-9F88-1BF6CA3F8B9B}.Release|x86.ActiveCfg = Release|x86
		{303650C8-B9DD-479E-9F88-1BF6CA3F8B9B}.Release|x86.Build.0 = Release|x86
		{303650C8-B9DD-479E-9F88-1BF6CA3F8B9B}.Release|x86.Deploy.0 = Release|x86
		{64671BFD-ADF8-4D22-9E0E-C873D8610AB8}.Debug|Any CPU.ActiveCfg = Debug|Any CPU
		{64671BFD-ADF8-4D22-9E0E-C873D8610AB8}.Debug|Any CPU.Build.0 = Debug|Any CPU
		{64671BFD-ADF8-4D22-9E0E-C873D8610AB8}.Debug|ARM.ActiveCfg = Debug|ARM
		{64671BFD-ADF8-4D22-9E0E-C873D8610AB8}.Debug|ARM.Build.0 = Debug|ARM
		{64671BFD-ADF8-4D22-9E0E-C873D8610AB8}.Debug|ARM64.ActiveCfg = Debug|ARM64
		{64671BFD-ADF8-4D22-9E0E-C873D8610AB8}.Debug|ARM64.Build.0 = Debug|ARM64
		{64671BFD-ADF8-4D22-9E0E-C873D8610AB8}.Debug|x64.ActiveCfg = Debug|x64
		{64671BFD-ADF8-4D22-9E0E-C873D8610AB8}.Debug|x64.Build.0 = Debug|x64
		{64671BFD-ADF8-4D22-9E0E-C873D8610AB8}.Debug|x86.ActiveCfg = Debug|x86
		{64671BFD-ADF8-4D22-9E0E-C873D8610AB8}.Debug|x86.Build.0 = Debug|x86
		{64671BFD-ADF8-4D22-9E0E-C873D8610AB8}.Release|Any CPU.ActiveCfg = Release|Any CPU
		{64671BFD-ADF8-4D22-9E0E-C873D8610AB8}.Release|Any CPU.Build.0 = Release|Any CPU
		{64671BFD-ADF8-4D22-9E0E-C873D8610AB8}.Release|ARM.ActiveCfg = Release|ARM
		{64671BFD-ADF8-4D22-9E0E-C873D8610AB8}.Release|ARM.Build.0 = Release|ARM
		{64671BFD-ADF8-4D22-9E0E-C873D8610AB8}.Release|ARM64.ActiveCfg = Release|ARM64
		{64671BFD-ADF8-4D22-9E0E-C873D8610AB8}.Release|ARM64.Build.0 = Release|ARM64
		{64671BFD-ADF8-4D22-9E0E-C873D8610AB8}.Release|x64.ActiveCfg = Release|x64
		{64671BFD-ADF8-4D22-9E0E-C873D8610AB8}.Release|x64.Build.0 = Release|x64
		{64671BFD-ADF8-4D22-9E0E-C873D8610AB8}.Release|x86.ActiveCfg = Release|x86
		{64671BFD-ADF8-4D22-9E0E-C873D8610AB8}.Release|x86.Build.0 = Release|x86
	EndGlobalSection
	GlobalSection(SolutionProperties) = preSolution
		HideSolutionNode = FALSE
	EndGlobalSection
	GlobalSection(ExtensibilityGlobals) = postSolution
		SolutionGuid = {9E1A8CBD-E384-431C-A65F-4A6B75986F98}
	EndGlobalSection
EndGlobal
